// !$*UTF8*$!
{
	archiveVersion = 1;
	classes = {
	};
	objectVersion = 56;
	objects = {

/* Begin PBXBuildFile section */
		1459DF582AE7A6A8006B8AF1 /* closer.swift in Sources */ = {isa = PBXBuildFile; fileRef = 1459DF572AE7A6A8006B8AF1 /* closer.swift */; };
		1459DF802AEFA07A006B8AF1 /* for.swift in Sources */ = {isa = PBXBuildFile; fileRef = 1459DF7F2AEFA07A006B8AF1 /* for.swift */; };
		1459DF822AEFA110006B8AF1 /* main.swift in Sources */ = {isa = PBXBuildFile; fileRef = 1459DF812AEFA110006B8AF1 /* main.swift */; };
		1459DF832AEFA763006B8AF1 /* OPP.swift in Sources */ = {isa = PBXBuildFile; fileRef = 1459DF502AE7A563006B8AF1 /* OPP.swift */; };
		1459DF842AEFAC07006B8AF1 /* class.swift in Sources */ = {isa = PBXBuildFile; fileRef = 1459DF7D2AEFA06F006B8AF1 /* class.swift */; };
		1459DF862AEFCED2006B8AF1 /* HOF.swift in Sources */ = {isa = PBXBuildFile; fileRef = 1459DF852AEFCED2006B8AF1 /* HOF.swift */; };
		1459DF892AEFD106006B8AF1 /* readLine.swift in Sources */ = {isa = PBXBuildFile; fileRef = 1459DF882AEFD106006B8AF1 /* readLine.swift */; };
		FADDA9A42ACE9E7000182361 /* func.swift in Sources */ = {isa = PBXBuildFile; fileRef = FADDA9A32ACE9E7000182361 /* func.swift */; };
/* End PBXBuildFile section */

/* Begin PBXCopyFilesBuildPhase section */
		FADDA9732ACE847900182361 /* CopyFiles */ = {
			isa = PBXCopyFilesBuildPhase;
			buildActionMask = 2147483647;
			dstPath = /usr/share/man/man1/;
			dstSubfolderSpec = 0;
			files = (
			);
			runOnlyForDeploymentPostprocessing = 1;
		};
/* End PBXCopyFilesBuildPhase section */

/* Begin PBXFileReference section */
		1459DF502AE7A563006B8AF1 /* OPP.swift */ = {isa = PBXFileReference; lastKnownFileType = sourcecode.swift; path = OPP.swift; sourceTree = "<group>"; };
		1459DF572AE7A6A8006B8AF1 /* closer.swift */ = {isa = PBXFileReference; lastKnownFileType = sourcecode.swift; path = closer.swift; sourceTree = "<group>"; };
		1459DF732AEF3A9B006B8AF1 /* README.md */ = {isa = PBXFileReference; lastKnownFileType = net.daringfireball.markdown; path = README.md; sourceTree = "<group>"; };
		1459DF7D2AEFA06F006B8AF1 /* class.swift */ = {isa = PBXFileReference; lastKnownFileType = sourcecode.swift; path = class.swift; sourceTree = "<group>"; };
		1459DF7F2AEFA07A006B8AF1 /* for.swift */ = {isa = PBXFileReference; lastKnownFileType = sourcecode.swift; path = for.swift; sourceTree = "<group>"; };
		1459DF812AEFA110006B8AF1 /* main.swift */ = {isa = PBXFileReference; fileEncoding = 4; lastKnownFileType = sourcecode.swift; name = main.swift; path = ../../../../.Trash/main.swift; sourceTree = "<group>"; };
		1459DF852AEFCED2006B8AF1 /* HOF.swift */ = {isa = PBXFileReference; lastKnownFileType = sourcecode.swift; path = HOF.swift; sourceTree = "<group>"; };
		1459DF882AEFD106006B8AF1 /* readLine.swift */ = {isa = PBXFileReference; lastKnownFileType = sourcecode.swift; path = readLine.swift; sourceTree = "<group>"; };
		FADDA9752ACE847900182361 /* likelion */ = {isa = PBXFileReference; explicitFileType = "compiled.mach-o.executable"; includeInIndex = 0; path = likelion; sourceTree = BUILT_PRODUCTS_DIR; };
		FADDA9A32ACE9E7000182361 /* func.swift */ = {isa = PBXFileReference; lastKnownFileType = sourcecode.swift; path = func.swift; sourceTree = "<group>"; };
/* End PBXFileReference section */

/* Begin PBXFrameworksBuildPhase section */
		FADDA9722ACE847900182361 /* Frameworks */ = {
			isa = PBXFrameworksBuildPhase;
			buildActionMask = 2147483647;
			files = (
			);
			runOnlyForDeploymentPostprocessing = 0;
		};
/* End PBXFrameworksBuildPhase section */

/* Begin PBXGroup section */
		1459DF872AEFD0E9006B8AF1 /* Utils */ = {
			isa = PBXGroup;
			children = (
				1459DF882AEFD106006B8AF1 /* readLine.swift */,
			);
			path = Utils;
			sourceTree = "<group>";
		};
		FADDA96C2ACE847900182361 = {
			isa = PBXGroup;
			children = (
				1459DF732AEF3A9B006B8AF1 /* README.md */,
				1459DF872AEFD0E9006B8AF1 /* Utils */,
				FADDA99D2ACE9CA300182361 /* Question */,
				FADDA9772ACE847900182361 /* likelion */,
				FADDA9762ACE847900182361 /* Products */,
			);
			sourceTree = "<group>";
		};
		FADDA9762ACE847900182361 /* Products */ = {
			isa = PBXGroup;
			children = (
				FADDA9752ACE847900182361 /* likelion */,
			);
			name = Products;
			sourceTree = "<group>";
		};
		FADDA9772ACE847900182361 /* likelion */ = {
			isa = PBXGroup;
			children = (
				1459DF812AEFA110006B8AF1 /* main.swift */,
			);
			path = likelion;
			sourceTree = "<group>";
		};
		FADDA99D2ACE9CA300182361 /* Question */ = {
			isa = PBXGroup;
			children = (
				1459DF7D2AEFA06F006B8AF1 /* class.swift */,
				1459DF502AE7A563006B8AF1 /* OPP.swift */,
				1459DF7F2AEFA07A006B8AF1 /* for.swift */,
				FADDA9A32ACE9E7000182361 /* func.swift */,
				1459DF572AE7A6A8006B8AF1 /* closer.swift */,
				1459DF852AEFCED2006B8AF1 /* HOF.swift */,
			);
			path = Question;
			sourceTree = "<group>";
		};
/* End PBXGroup section */

/* Begin PBXNativeTarget section */
		FADDA9742ACE847900182361 /* likelion */ = {
			isa = PBXNativeTarget;
			buildConfigurationList = FADDA97C2ACE847900182361 /* Build configuration list for PBXNativeTarget "likelion" */;
			buildPhases = (
				FADDA9712ACE847900182361 /* Sources */,
				FADDA9722ACE847900182361 /* Frameworks */,
				FADDA9732ACE847900182361 /* CopyFiles */,
			);
			buildRules = (
			);
			dependencies = (
			);
			name = likelion;
			productName = likelion;
			productReference = FADDA9752ACE847900182361 /* likelion */;
			productType = "com.apple.product-type.tool";
		};
/* End PBXNativeTarget section */

/* Begin PBXProject section */
		FADDA96D2ACE847900182361 /* Project object */ = {
			isa = PBXProject;
			attributes = {
				BuildIndependentTargetsInParallel = 1;
				LastSwiftUpdateCheck = 1500;
				LastUpgradeCheck = 1500;
				TargetAttributes = {
					FADDA9742ACE847900182361 = {
						CreatedOnToolsVersion = 15.0;
					};
				};
			};
			buildConfigurationList = FADDA9702ACE847900182361 /* Build configuration list for PBXProject "likelion" */;
			compatibilityVersion = "Xcode 14.0";
			developmentRegion = en;
			hasScannedForEncodings = 0;
			knownRegions = (
				en,
				Base,
			);
			mainGroup = FADDA96C2ACE847900182361;
			productRefGroup = FADDA9762ACE847900182361 /* Products */;
			projectDirPath = "";
			projectRoot = "";
			targets = (
				FADDA9742ACE847900182361 /* likelion */,
			);
		};
/* End PBXProject section */

/* Begin PBXSourcesBuildPhase section */
		FADDA9712ACE847900182361 /* Sources */ = {
			isa = PBXSourcesBuildPhase;
			buildActionMask = 2147483647;
			files = (
				1459DF842AEFAC07006B8AF1 /* class.swift in Sources */,
				1459DF802AEFA07A006B8AF1 /* for.swift in Sources */,
				FADDA9A42ACE9E7000182361 /* func.swift in Sources */,
				1459DF832AEFA763006B8AF1 /* OPP.swift in Sources */,
				1459DF862AEFCED2006B8AF1 /* HOF.swift in Sources */,
				1459DF892AEFD106006B8AF1 /* readLine.swift in Sources */,
				1459DF822AEFA110006B8AF1 /* main.swift in Sources */,
				1459DF582AE7A6A8006B8AF1 /* closer.swift in Sources */,
			);
			runOnlyForDeploymentPostprocessing = 0;
		};
/* End PBXSourcesBuildPhase section */

/* Begin XCBuildConfiguration section */
		FADDA97A2ACE847900182361 /* Debug */ = {
			isa = XCBuildConfiguration;
			buildSettings = {
				ALWAYS_SEARCH_USER_PATHS = NO;
				ASSETCATALOG_COMPILER_GENERATE_SWIFT_ASSET_SYMBOL_EXTENSIONS = YES;
				CLANG_ANALYZER_NONNULL = YES;
				CLANG_ANALYZER_NUMBER_OBJECT_CONVERSION = YES_AGGRESSIVE;
				CLANG_CXX_LANGUAGE_STANDARD = "gnu++20";
				CLANG_ENABLE_MODULES = YES;
				CLANG_ENABLE_OBJC_ARC = YES;
				CLANG_ENABLE_OBJC_WEAK = YES;
				CLANG_WARN_BLOCK_CAPTURE_AUTORELEASING = YES;
				CLANG_WARN_BOOL_CONVERSION = YES;
				CLANG_WARN_COMMA = YES;
				CLANG_WARN_CONSTANT_CONVERSION = YES;
				CLANG_WARN_DEPRECATED_OBJC_IMPLEMENTATIONS = YES;
				CLANG_WARN_DIRECT_OBJC_ISA_USAGE = YES_ERROR;
				CLANG_WARN_DOCUMENTATION_COMMENTS = YES;
				CLANG_WARN_EMPTY_BODY = YES;
				CLANG_WARN_ENUM_CONVERSION = YES;
				CLANG_WARN_INFINITE_RECURSION = YES;
				CLANG_WARN_INT_CONVERSION = YES;
				CLANG_WARN_NON_LITERAL_NULL_CONVERSION = YES;
				CLANG_WARN_OBJC_IMPLICIT_RETAIN_SELF = YES;
				CLANG_WARN_OBJC_LITERAL_CONVERSION = YES;
				CLANG_WARN_OBJC_ROOT_CLASS = YES_ERROR;
				CLANG_WARN_QUOTED_INCLUDE_IN_FRAMEWORK_HEADER = YES;
				CLANG_WARN_RANGE_LOOP_ANALYSIS = YES;
				CLANG_WARN_STRICT_PROTOTYPES = YES;
				CLANG_WARN_SUSPICIOUS_MOVE = YES;
				CLANG_WARN_UNGUARDED_AVAILABILITY = YES_AGGRESSIVE;
				CLANG_WARN_UNREACHABLE_CODE = YES;
				CLANG_WARN__DUPLICATE_METHOD_MATCH = YES;
				COPY_PHASE_STRIP = NO;
				DEBUG_INFORMATION_FORMAT = dwarf;
				ENABLE_STRICT_OBJC_MSGSEND = YES;
				ENABLE_TESTABILITY = YES;
				ENABLE_USER_SCRIPT_SANDBOXING = YES;
				GCC_C_LANGUAGE_STANDARD = gnu17;
				GCC_DYNAMIC_NO_PIC = NO;
				GCC_NO_COMMON_BLOCKS = YES;
				GCC_OPTIMIZATION_LEVEL = 0;
				GCC_PREPROCESSOR_DEFINITIONS = (
					"DEBUG=1",
					"$(inherited)",
				);
				GCC_WARN_64_TO_32_BIT_CONVERSION = YES;
				GCC_WARN_ABOUT_RETURN_TYPE = YES_ERROR;
				GCC_WARN_UNDECLARED_SELECTOR = YES;
				GCC_WARN_UNINITIALIZED_AUTOS = YES_AGGRESSIVE;
				GCC_WARN_UNUSED_FUNCTION = YES;
				GCC_WARN_UNUSED_VARIABLE = YES;
				LOCALIZATION_PREFERS_STRING_CATALOGS = YES;
				MACOSX_DEPLOYMENT_TARGET = 14.0;
				MTL_ENABLE_DEBUG_INFO = INCLUDE_SOURCE;
				MTL_FAST_MATH = YES;
				ONLY_ACTIVE_ARCH = YES;
				SDKROOT = macosx;
				SWIFT_ACTIVE_COMPILATION_CONDITIONS = "DEBUG $(inherited)";
				SWIFT_OPTIMIZATION_LEVEL = "-Onone";
			};
			name = Debug;
		};
		FADDA97B2ACE847900182361 /* Release */ = {
			isa = XCBuildConfiguration;
			buildSettings = {
				ALWAYS_SEARCH_USER_PATHS = NO;
				ASSETCATALOG_COMPILER_GENERATE_SWIFT_ASSET_SYMBOL_EXTENSIONS = YES;
				CLANG_ANALYZER_NONNULL = YES;
				CLANG_ANALYZER_NUMBER_OBJECT_CONVERSION = YES_AGGRESSIVE;
				CLANG_CXX_LANGUAGE_STANDARD = "gnu++20";
				CLANG_ENABLE_MODULES = YES;
				CLANG_ENABLE_OBJC_ARC = YES;
				CLANG_ENABLE_OBJC_WEAK = YES;
				CLANG_WARN_BLOCK_CAPTURE_AUTORELEASING = YES;
				CLANG_WARN_BOOL_CONVERSION = YES;
				CLANG_WARN_COMMA = YES;
				CLANG_WARN_CONSTANT_CONVERSION = YES;
				CLANG_WARN_DEPRECATED_OBJC_IMPLEMENTATIONS = YES;
				CLANG_WARN_DIRECT_OBJC_ISA_USAGE = YES_ERROR;
				CLANG_WARN_DOCUMENTATION_COMMENTS = YES;
				CLANG_WARN_EMPTY_BODY = YES;
				CLANG_WARN_ENUM_CONVERSION = YES;
				CLANG_WARN_INFINITE_RECURSION = YES;
				CLANG_WARN_INT_CONVERSION = YES;
				CLANG_WARN_NON_LITERAL_NULL_CONVERSION = YES;
				CLANG_WARN_OBJC_IMPLICIT_RETAIN_SELF = YES;
				CLANG_WARN_OBJC_LITERAL_CONVERSION = YES;
				CLANG_WARN_OBJC_ROOT_CLASS = YES_ERROR;
				CLANG_WARN_QUOTED_INCLUDE_IN_FRAMEWORK_HEADER = YES;
				CLANG_WARN_RANGE_LOOP_ANALYSIS = YES;
				CLANG_WARN_STRICT_PROTOTYPES = YES;
				CLANG_WARN_SUSPICIOUS_MOVE = YES;
				CLANG_WARN_UNGUARDED_AVAILABILITY = YES_AGGRESSIVE;
				CLANG_WARN_UNREACHABLE_CODE = YES;
				CLANG_WARN__DUPLICATE_METHOD_MATCH = YES;
				COPY_PHASE_STRIP = NO;
				DEBUG_INFORMATION_FORMAT = "dwarf-with-dsym";
				ENABLE_NS_ASSERTIONS = NO;
				ENABLE_STRICT_OBJC_MSGSEND = YES;
				ENABLE_USER_SCRIPT_SANDBOXING = YES;
				GCC_C_LANGUAGE_STANDARD = gnu17;
				GCC_NO_COMMON_BLOCKS = YES;
				GCC_WARN_64_TO_32_BIT_CONVERSION = YES;
				GCC_WARN_ABOUT_RETURN_TYPE = YES_ERROR;
				GCC_WARN_UNDECLARED_SELECTOR = YES;
				GCC_WARN_UNINITIALIZED_AUTOS = YES_AGGRESSIVE;
				GCC_WARN_UNUSED_FUNCTION = YES;
				GCC_WARN_UNUSED_VARIABLE = YES;
				LOCALIZATION_PREFERS_STRING_CATALOGS = YES;
				MACOSX_DEPLOYMENT_TARGET = 14.0;
				MTL_ENABLE_DEBUG_INFO = NO;
				MTL_FAST_MATH = YES;
				SDKROOT = macosx;
				SWIFT_COMPILATION_MODE = wholemodule;
			};
			name = Release;
		};
		FADDA97D2ACE847900182361 /* Debug */ = {
			isa = XCBuildConfiguration;
			buildSettings = {
				CODE_SIGN_STYLE = Automatic;
				MACOSX_DEPLOYMENT_TARGET = 13.5;
				PRODUCT_NAME = "$(TARGET_NAME)";
				SWIFT_VERSION = 5.0;
			};
			name = Debug;
		};
		FADDA97E2ACE847900182361 /* Release */ = {
			isa = XCBuildConfiguration;
			buildSettings = {
				CODE_SIGN_STYLE = Automatic;
				MACOSX_DEPLOYMENT_TARGET = 13.5;
				PRODUCT_NAME = "$(TARGET_NAME)";
				SWIFT_VERSION = 5.0;
			};
			name = Release;
		};
/* End XCBuildConfiguration section */

/* Begin XCConfigurationList section */
		FADDA9702ACE847900182361 /* Build configuration list for PBXProject "likelion" */ = {
			isa = XCConfigurationList;
			buildConfigurations = (
				FADDA97A2ACE847900182361 /* Debug */,
				FADDA97B2ACE847900182361 /* Release */,
			);
			defaultConfigurationIsVisible = 0;
			defaultConfigurationName = Release;
		};
		FADDA97C2ACE847900182361 /* Build configuration list for PBXNativeTarget "likelion" */ = {
			isa = XCConfigurationList;
			buildConfigurations = (
				FADDA97D2ACE847900182361 /* Debug */,
				FADDA97E2ACE847900182361 /* Release */,
			);
			defaultConfigurationIsVisible = 0;
			defaultConfigurationName = Release;
		};
/* End XCConfigurationList section */
	};
	rootObject = FADDA96D2ACE847900182361 /* Project object */;
}
